
Microsoft Visual Studio Solution File, Format Version 12.00
# Visual Studio Version 17
VisualStudioVersion = 17.4.33122.133
MinimumVisualStudioVersion = 10.0.40219.1
Project("{FAE04EC0-301F-11D3-BF4B-00C04F79EFBC}") = "eTickets", "eTickets\eTickets.csproj", "{C0708E56-AA58-42DC-A366-4F6CB30AB916}"
EndProject
Global
	GlobalSection(SolutionConfigurationPlatforms) = preSolution
		Debug|Any CPU = Debug|Any CPU
		Release|Any CPU = Release|Any CPU
	EndGlobalSection
	GlobalSection(ProjectConfigurationPlatforms) = postSolution
		{C0708E56-AA58-42DC-A366-4F6CB30AB916}.Debug|Any CPU.ActiveCfg = Debug|Any CPU
		{C0708E56-AA58-42DC-A366-4F6CB30AB916}.Debug|Any CPU.Build.0 = Debug|Any CPU
		{C0708E56-AA58-42DC-A366-4F6CB30AB916}.Release|Any CPU.ActiveCfg = Release|Any CPU
		{C0708E56-AA58-42DC-A366-4F6CB30AB916}.Release|Any CPU.Build.0 = Release|Any CPU
	EndGlobalSection
	GlobalSection(SolutionProperties) = preSolution
		HideSolutionNode = FALSE
	EndGlobalSection
	GlobalSection(ExtensibilityGlobals) = postSolution
		SolutionGuid = {8B5F307A-1A13-4E2B-B48E-055BACE1FB64}
	EndGlobalSection
EndGlobal
